
Microsoft Visual Studio Solution File, Format Version 12.00
# Visual Studio Version 17
VisualStudioVersion = 17.11.35303.130
MinimumVisualStudioVersion = 10.0.40219.1
Project("{FAE04EC0-301F-11D3-BF4B-00C04F79EFBC}") = "randomNumber", "randomNumber\randomNumber.csproj", "{685B3AE8-A424-4EC2-A710-172DDFF8ECF0}"
EndProject
Global
	GlobalSection(SolutionConfigurationPlatforms) = preSolution
		Debug|Any CPU = Debug|Any CPU
		Release|Any CPU = Release|Any CPU
	EndGlobalSection
	GlobalSection(ProjectConfigurationPlatforms) = postSolution
		{685B3AE8-A424-4EC2-A710-172DDFF8ECF0}.Debug|Any CPU.ActiveCfg = Debug|Any CPU
		{685B3AE8-A424-4EC2-A710-172DDFF8ECF0}.Debug|Any CPU.Build.0 = Debug|Any CPU
		{685B3AE8-A424-4EC2-A710-172DDFF8ECF0}.Release|Any CPU.ActiveCfg = Release|Any CPU
		{685B3AE8-A424-4EC2-A710-172DDFF8ECF0}.Release|Any CPU.Build.0 = Release|Any CPU
	EndGlobalSection
	GlobalSection(SolutionProperties) = preSolution
		HideSolutionNode = FALSE
	EndGlobalSection
	GlobalSection(ExtensibilityGlobals) = postSolution
		SolutionGuid = {5D2C8C2E-D0FB-465D-A106-7D7806375438}
	EndGlobalSection
EndGlobal
